// !$*UTF8*$!
{
	archiveVersion = 1;
	classes = {
	};
	objectVersion = 46;
	objects = {

/* Begin PBXBuildFile section */
		C4A80C2B1F680E92004DB759 /* AppDelegate.swift in Sources */ = {isa = PBXBuildFile; fileRef = C4A80C2A1F680E92004DB759 /* AppDelegate.swift */; };
		C4A80C301F680E92004DB759 /* Main.storyboard in Resources */ = {isa = PBXBuildFile; fileRef = C4A80C2E1F680E92004DB759 /* Main.storyboard */; };
		C4A80C321F680E92004DB759 /* Assets.xcassets in Resources */ = {isa = PBXBuildFile; fileRef = C4A80C311F680E92004DB759 /* Assets.xcassets */; };
		C4A80C351F680E92004DB759 /* LaunchScreen.storyboard in Resources */ = {isa = PBXBuildFile; fileRef = C4A80C331F680E92004DB759 /* LaunchScreen.storyboard */; };
		C4A80C401F680E92004DB759 /* CurrencyConverterTests.swift in Sources */ = {isa = PBXBuildFile; fileRef = C4A80C3F1F680E92004DB759 /* CurrencyConverterTests.swift */; };
		C4A80C4B1F680E92004DB759 /* CurrencyConverterUITests.swift in Sources */ = {isa = PBXBuildFile; fileRef = C4A80C4A1F680E92004DB759 /* CurrencyConverterUITests.swift */; };
		C4A80C591F680EA5004DB759 /* MainController.swift in Sources */ = {isa = PBXBuildFile; fileRef = C4A80C581F680EA5004DB759 /* MainController.swift */; };
		C4A80C5C1F681F07004DB759 /* SwiftyJSON.framework in Frameworks */ = {isa = PBXBuildFile; fileRef = C4A80C5B1F681F07004DB759 /* SwiftyJSON.framework */; };
		C4A80C5F1F6824C6004DB759 /* Item.swift in Sources */ = {isa = PBXBuildFile; fileRef = C4A80C5E1F6824C6004DB759 /* Item.swift */; };
		C4EDBB801F698E7B00D889B2 /* HelpTableViewController.swift in Sources */ = {isa = PBXBuildFile; fileRef = C4EDBB7F1F698E7B00D889B2 /* HelpTableViewController.swift */; };
		C4EDBB841F69981C00D889B2 /* HelpTableViewCell.swift in Sources */ = {isa = PBXBuildFile; fileRef = C4EDBB831F69981C00D889B2 /* HelpTableViewCell.swift */; };
/* End PBXBuildFile section */

/* Begin PBXContainerItemProxy section */
		C4A80C3C1F680E92004DB759 /* PBXContainerItemProxy */ = {
			isa = PBXContainerItemProxy;
			containerPortal = C4A80C1F1F680E92004DB759 /* Project object */;
			proxyType = 1;
			remoteGlobalIDString = C4A80C261F680E92004DB759;
			remoteInfo = CurrencyConverter;
		};
		C4A80C471F680E92004DB759 /* PBXContainerItemProxy */ = {
			isa = PBXContainerItemProxy;
			containerPortal = C4A80C1F1F680E92004DB759 /* Project object */;
			proxyType = 1;
			remoteGlobalIDString = C4A80C261F680E92004DB759;
			remoteInfo = CurrencyConverter;
		};
/* End PBXContainerItemProxy section */

/* Begin PBXFileReference section */
		C4A80C271F680E92004DB759 /* CurrencyConverter.app */ = {isa = PBXFileReference; explicitFileType = wrapper.application; includeInIndex = 0; path = CurrencyConverter.app; sourceTree = BUILT_PRODUCTS_DIR; };
		C4A80C2A1F680E92004DB759 /* AppDelegate.swift */ = {isa = PBXFileReference; lastKnownFileType = sourcecode.swift; path = AppDelegate.swift; sourceTree = "<group>"; };
		C4A80C2F1F680E92004DB759 /* Base */ = {isa = PBXFileReference; lastKnownFileType = file.storyboard; name = Base; path = Base.lproj/Main.storyboard; sourceTree = "<group>"; };
		C4A80C311F680E92004DB759 /* Assets.xcassets */ = {isa = PBXFileReference; lastKnownFileType = folder.assetcatalog; path = Assets.xcassets; sourceTree = "<group>"; };
		C4A80C341F680E92004DB759 /* Base */ = {isa = PBXFileReference; lastKnownFileType = file.storyboard; name = Base; path = Base.lproj/LaunchScreen.storyboard; sourceTree = "<group>"; };
		C4A80C361F680E92004DB759 /* Info.plist */ = {isa = PBXFileReference; lastKnownFileType = text.plist.xml; path = Info.plist; sourceTree = "<group>"; };
		C4A80C3B1F680E92004DB759 /* CurrencyConverterTests.xctest */ = {isa = PBXFileReference; explicitFileType = wrapper.cfbundle; includeInIndex = 0; path = CurrencyConverterTests.xctest; sourceTree = BUILT_PRODUCTS_DIR; };
		C4A80C3F1F680E92004DB759 /* CurrencyConverterTests.swift */ = {isa = PBXFileReference; lastKnownFileType = sourcecode.swift; path = CurrencyConverterTests.swift; sourceTree = "<group>"; };
		C4A80C411F680E92004DB759 /* Info.plist */ = {isa = PBXFileReference; lastKnownFileType = text.plist.xml; path = Info.plist; sourceTree = "<group>"; };
		C4A80C461F680E92004DB759 /* CurrencyConverterUITests.xctest */ = {isa = PBXFileReference; explicitFileType = wrapper.cfbundle; includeInIndex = 0; path = CurrencyConverterUITests.xctest; sourceTree = BUILT_PRODUCTS_DIR; };
		C4A80C4A1F680E92004DB759 /* CurrencyConverterUITests.swift */ = {isa = PBXFileReference; lastKnownFileType = sourcecode.swift; path = CurrencyConverterUITests.swift; sourceTree = "<group>"; };
		C4A80C4C1F680E92004DB759 /* Info.plist */ = {isa = PBXFileReference; lastKnownFileType = text.plist.xml; path = Info.plist; sourceTree = "<group>"; };
		C4A80C581F680EA5004DB759 /* MainController.swift */ = {isa = PBXFileReference; fileEncoding = 4; lastKnownFileType = sourcecode.swift; name = MainController.swift; path = ../MainController.swift; sourceTree = "<group>"; };
		C4A80C5B1F681F07004DB759 /* SwiftyJSON.framework */ = {isa = PBXFileReference; lastKnownFileType = wrapper.framework; name = SwiftyJSON.framework; path = Carthage/Build/iOS/SwiftyJSON.framework; sourceTree = "<group>"; };
		C4A80C5E1F6824C6004DB759 /* Item.swift */ = {isa = PBXFileReference; fileEncoding = 4; lastKnownFileType = sourcecode.swift; path = Item.swift; sourceTree = "<group>"; };
		C4EDBB7F1F698E7B00D889B2 /* HelpTableViewController.swift */ = {isa = PBXFileReference; fileEncoding = 4; lastKnownFileType = sourcecode.swift; path = HelpTableViewController.swift; sourceTree = "<group>"; };
		C4EDBB831F69981C00D889B2 /* HelpTableViewCell.swift */ = {isa = PBXFileReference; fileEncoding = 4; lastKnownFileType = sourcecode.swift; path = HelpTableViewCell.swift; sourceTree = "<group>"; };
/* End PBXFileReference section */

/* Begin PBXFrameworksBuildPhase section */
		C4A80C241F680E92004DB759 /* Frameworks */ = {
			isa = PBXFrameworksBuildPhase;
			buildActionMask = 2147483647;
			files = (
				C4A80C5C1F681F07004DB759 /* SwiftyJSON.framework in Frameworks */,
			);
			runOnlyForDeploymentPostprocessing = 0;
		};
		C4A80C381F680E92004DB759 /* Frameworks */ = {
			isa = PBXFrameworksBuildPhase;
			buildActionMask = 2147483647;
			files = (
			);
			runOnlyForDeploymentPostprocessing = 0;
		};
		C4A80C431F680E92004DB759 /* Frameworks */ = {
			isa = PBXFrameworksBuildPhase;
			buildActionMask = 2147483647;
			files = (
			);
			runOnlyForDeploymentPostprocessing = 0;
		};
/* End PBXFrameworksBuildPhase section */

/* Begin PBXGroup section */
		C4A80C1E1F680E92004DB759 = {
			isa = PBXGroup;
			children = (
				C4A80C291F680E92004DB759 /* CurrencyConverter */,
				C4A80C3E1F680E92004DB759 /* CurrencyConverterTests */,
				C4A80C491F680E92004DB759 /* CurrencyConverterUITests */,
				C4A80C281F680E92004DB759 /* Products */,
				C4A80C5A1F681F07004DB759 /* Frameworks */,
			);
			sourceTree = "<group>";
		};
		C4A80C281F680E92004DB759 /* Products */ = {
			isa = PBXGroup;
			children = (
				C4A80C271F680E92004DB759 /* CurrencyConverter.app */,
				C4A80C3B1F680E92004DB759 /* CurrencyConverterTests.xctest */,
				C4A80C461F680E92004DB759 /* CurrencyConverterUITests.xctest */,
			);
			name = Products;
			sourceTree = "<group>";
		};
		C4A80C291F680E92004DB759 /* CurrencyConverter */ = {
			isa = PBXGroup;
			children = (
				C4A80C2A1F680E92004DB759 /* AppDelegate.swift */,
				C4A80C581F680EA5004DB759 /* MainController.swift */,
				C4A80C5E1F6824C6004DB759 /* Item.swift */,
				C4A80C2E1F680E92004DB759 /* Main.storyboard */,
				C4EDBB7F1F698E7B00D889B2 /* HelpTableViewController.swift */,
				C4EDBB831F69981C00D889B2 /* HelpTableViewCell.swift */,
				C4A80C311F680E92004DB759 /* Assets.xcassets */,
				C4A80C331F680E92004DB759 /* LaunchScreen.storyboard */,
				C4A80C361F680E92004DB759 /* Info.plist */,
			);
			path = CurrencyConverter;
			sourceTree = "<group>";
		};
		C4A80C3E1F680E92004DB759 /* CurrencyConverterTests */ = {
			isa = PBXGroup;
			children = (
				C4A80C3F1F680E92004DB759 /* CurrencyConverterTests.swift */,
				C4A80C411F680E92004DB759 /* Info.plist */,
			);
			path = CurrencyConverterTests;
			sourceTree = "<group>";
		};
		C4A80C491F680E92004DB759 /* CurrencyConverterUITests */ = {
			isa = PBXGroup;
			children = (
				C4A80C4A1F680E92004DB759 /* CurrencyConverterUITests.swift */,
				C4A80C4C1F680E92004DB759 /* Info.plist */,
			);
			path = CurrencyConverterUITests;
			sourceTree = "<group>";
		};
		C4A80C5A1F681F07004DB759 /* Frameworks */ = {
			isa = PBXGroup;
			children = (
				C4A80C5B1F681F07004DB759 /* SwiftyJSON.framework */,
			);
			name = Frameworks;
			sourceTree = "<group>";
		};
/* End PBXGroup section */

/* Begin PBXNativeTarget section */
		C4A80C261F680E92004DB759 /* CurrencyConverter */ = {
			isa = PBXNativeTarget;
			buildConfigurationList = C4A80C4F1F680E92004DB759 /* Build configuration list for PBXNativeTarget "CurrencyConverter" */;
			buildPhases = (
				C4A80C231F680E92004DB759 /* Sources */,
				C4A80C241F680E92004DB759 /* Frameworks */,
				C4A80C251F680E92004DB759 /* Resources */,
				C4A80C5D1F681F4F004DB759 /* ShellScript */,
			);
			buildRules = (
			);
			dependencies = (
			);
			name = CurrencyConverter;
			productName = CurrencyConverter;
			productReference = C4A80C271F680E92004DB759 /* CurrencyConverter.app */;
			productType = "com.apple.product-type.application";
		};
		C4A80C3A1F680E92004DB759 /* CurrencyConverterTests */ = {
			isa = PBXNativeTarget;
			buildConfigurationList = C4A80C521F680E92004DB759 /* Build configuration list for PBXNativeTarget "CurrencyConverterTests" */;
			buildPhases = (
				C4A80C371F680E92004DB759 /* Sources */,
				C4A80C381F680E92004DB759 /* Frameworks */,
				C4A80C391F680E92004DB759 /* Resources */,
			);
			buildRules = (
			);
			dependencies = (
				C4A80C3D1F680E92004DB759 /* PBXTargetDependency */,
			);
			name = CurrencyConverterTests;
			productName = CurrencyConverterTests;
			productReference = C4A80C3B1F680E92004DB759 /* CurrencyConverterTests.xctest */;
			productType = "com.apple.product-type.bundle.unit-test";
		};
		C4A80C451F680E92004DB759 /* CurrencyConverterUITests */ = {
			isa = PBXNativeTarget;
			buildConfigurationList = C4A80C551F680E92004DB759 /* Build configuration list for PBXNativeTarget "CurrencyConverterUITests" */;
			buildPhases = (
				C4A80C421F680E92004DB759 /* Sources */,
				C4A80C431F680E92004DB759 /* Frameworks */,
				C4A80C441F680E92004DB759 /* Resources */,
			);
			buildRules = (
			);
			dependencies = (
				C4A80C481F680E92004DB759 /* PBXTargetDependency */,
			);
			name = CurrencyConverterUITests;
			productName = CurrencyConverterUITests;
			productReference = C4A80C461F680E92004DB759 /* CurrencyConverterUITests.xctest */;
			productType = "com.apple.product-type.bundle.ui-testing";
		};
/* End PBXNativeTarget section */

/* Begin PBXProject section */
		C4A80C1F1F680E92004DB759 /* Project object */ = {
			isa = PBXProject;
			attributes = {
				LastSwiftUpdateCheck = 0830;
				LastUpgradeCheck = 0830;
				ORGANIZATIONNAME = Savely;
				TargetAttributes = {
					C4A80C261F680E92004DB759 = {
						CreatedOnToolsVersion = 8.3.3;
						DevelopmentTeam = 96HSFZQ5P3;
						ProvisioningStyle = Automatic;
					};
					C4A80C3A1F680E92004DB759 = {
						CreatedOnToolsVersion = 8.3.3;
						DevelopmentTeam = 96HSFZQ5P3;
						ProvisioningStyle = Automatic;
						TestTargetID = C4A80C261F680E92004DB759;
					};
					C4A80C451F680E92004DB759 = {
						CreatedOnToolsVersion = 8.3.3;
						DevelopmentTeam = 96HSFZQ5P3;
						ProvisioningStyle = Automatic;
						TestTargetID = C4A80C261F680E92004DB759;
					};
				};
			};
			buildConfigurationList = C4A80C221F680E92004DB759 /* Build configuration list for PBXProject "CurrencyConverter" */;
			compatibilityVersion = "Xcode 3.2";
			developmentRegion = English;
			hasScannedForEncodings = 0;
			knownRegions = (
				en,
				Base,
			);
			mainGroup = C4A80C1E1F680E92004DB759;
			productRefGroup = C4A80C281F680E92004DB759 /* Products */;
			projectDirPath = "";
			projectRoot = "";
			targets = (
				C4A80C261F680E92004DB759 /* CurrencyConverter */,
				C4A80C3A1F680E92004DB759 /* CurrencyConverterTests */,
				C4A80C451F680E92004DB759 /* CurrencyConverterUITests */,
			);
		};
/* End PBXProject section */

/* Begin PBXResourcesBuildPhase section */
		C4A80C251F680E92004DB759 /* Resources */ = {
			isa = PBXResourcesBuildPhase;
			buildActionMask = 2147483647;
			files = (
				C4A80C351F680E92004DB759 /* LaunchScreen.storyboard in Resources */,
				C4A80C321F680E92004DB759 /* Assets.xcassets in Resources */,
				C4A80C301F680E92004DB759 /* Main.storyboard in Resources */,
			);
			runOnlyForDeploymentPostprocessing = 0;
		};
		C4A80C391F680E92004DB759 /* Resources */ = {
			isa = PBXResourcesBuildPhase;
			buildActionMask = 2147483647;
			files = (
			);
			runOnlyForDeploymentPostprocessing = 0;
		};
		C4A80C441F680E92004DB759 /* Resources */ = {
			isa = PBXResourcesBuildPhase;
			buildActionMask = 2147483647;
			files = (
			);
			runOnlyForDeploymentPostprocessing = 0;
		};
/* End PBXResourcesBuildPhase section */

/* Begin PBXShellScriptBuildPhase section */
		C4A80C5D1F681F4F004DB759 /* ShellScript */ = {
			isa = PBXShellScriptBuildPhase;
			buildActionMask = 2147483647;
			files = (
			);
			inputPaths = (
				"$(SRCROOT)/Carthage/Build/iOS/SwiftyJSON.framework",
			);
			outputPaths = (
			);
			runOnlyForDeploymentPostprocessing = 0;
			shellPath = /bin/sh;
			shellScript = "/usr/local/bin/carthage copy-frameworks";
		};
/* End PBXShellScriptBuildPhase section */

/* Begin PBXSourcesBuildPhase section */
		C4A80C231F680E92004DB759 /* Sources */ = {
			isa = PBXSourcesBuildPhase;
			buildActionMask = 2147483647;
			files = (
				C4EDBB841F69981C00D889B2 /* HelpTableViewCell.swift in Sources */,
				C4EDBB801F698E7B00D889B2 /* HelpTableViewController.swift in Sources */,
				C4A80C591F680EA5004DB759 /* MainController.swift in Sources */,
				C4A80C5F1F6824C6004DB759 /* Item.swift in Sources */,
				C4A80C2B1F680E92004DB759 /* AppDelegate.swift in Sources */,
			);
			runOnlyForDeploymentPostprocessing = 0;
		};
		C4A80C371F680E92004DB759 /* Sources */ = {
			isa = PBXSourcesBuildPhase;
			buildActionMask = 2147483647;
			files = (
				C4A80C401F680E92004DB759 /* CurrencyConverterTests.swift in Sources */,
			);
			runOnlyForDeploymentPostprocessing = 0;
		};
		C4A80C421F680E92004DB759 /* Sources */ = {
			isa = PBXSourcesBuildPhase;
			buildActionMask = 2147483647;
			files = (
				C4A80C4B1F680E92004DB759 /* CurrencyConverterUITests.swift in Sources */,
			);
			runOnlyForDeploymentPostprocessing = 0;
		};
/* End PBXSourcesBuildPhase section */

/* Begin PBXTargetDependency section */
		C4A80C3D1F680E92004DB759 /* PBXTargetDependency */ = {
			isa = PBXTargetDependency;
			target = C4A80C261F680E92004DB759 /* CurrencyConverter */;
			targetProxy = C4A80C3C1F680E92004DB759 /* PBXContainerItemProxy */;
		};
		C4A80C481F680E92004DB759 /* PBXTargetDependency */ = {
			isa = PBXTargetDependency;
			target = C4A80C261F680E92004DB759 /* CurrencyConverter */;
			targetProxy = C4A80C471F680E92004DB759 /* PBXContainerItemProxy */;
		};
/* End PBXTargetDependency section */

/* Begin PBXVariantGroup section */
		C4A80C2E1F680E92004DB759 /* Main.storyboard */ = {
			isa = PBXVariantGroup;
			children = (
				C4A80C2F1F680E92004DB759 /* Base */,
			);
			name = Main.storyboard;
			sourceTree = "<group>";
		};
		C4A80C331F680E92004DB759 /* LaunchScreen.storyboard */ = {
			isa = PBXVariantGroup;
			children = (
				C4A80C341F680E92004DB759 /* Base */,
			);
			name = LaunchScreen.storyboard;
			sourceTree = "<group>";
		};
/* End PBXVariantGroup section */

/* Begin XCBuildConfiguration section */
		C4A80C4D1F680E92004DB759 /* Debug */ = {
			isa = XCBuildConfiguration;
			buildSettings = {
				ALWAYS_SEARCH_USER_PATHS = NO;
				CLANG_ANALYZER_NONNULL = YES;
				CLANG_ANALYZER_NUMBER_OBJECT_CONVERSION = YES_AGGRESSIVE;
				CLANG_CXX_LANGUAGE_STANDARD = "gnu++0x";
				CLANG_CXX_LIBRARY = "libc++";
				CLANG_ENABLE_MODULES = YES;
				CLANG_ENABLE_OBJC_ARC = YES;
				CLANG_WARN_BOOL_CONVERSION = YES;
				CLANG_WARN_CONSTANT_CONVERSION = YES;
				CLANG_WARN_DIRECT_OBJC_ISA_USAGE = YES_ERROR;
				CLANG_WARN_DOCUMENTATION_COMMENTS = YES;
				CLANG_WARN_EMPTY_BODY = YES;
				CLANG_WARN_ENUM_CONVERSION = YES;
				CLANG_WARN_INFINITE_RECURSION = YES;
				CLANG_WARN_INT_CONVERSION = YES;
				CLANG_WARN_OBJC_ROOT_CLASS = YES_ERROR;
				CLANG_WARN_SUSPICIOUS_MOVE = YES;
				CLANG_WARN_UNREACHABLE_CODE = YES;
				CLANG_WARN__DUPLICATE_METHOD_MATCH = YES;
				"CODE_SIGN_IDENTITY[sdk=iphoneos*]" = "iPhone Developer";
				COPY_PHASE_STRIP = NO;
				DEBUG_INFORMATION_FORMAT = dwarf;
				ENABLE_STRICT_OBJC_MSGSEND = YES;
				ENABLE_TESTABILITY = YES;
				GCC_C_LANGUAGE_STANDARD = gnu99;
				GCC_DYNAMIC_NO_PIC = NO;
				GCC_NO_COMMON_BLOCKS = YES;
				GCC_OPTIMIZATION_LEVEL = 0;
				GCC_PREPROCESSOR_DEFINITIONS = (
					"DEBUG=1",
					"$(inherited)",
				);
				GCC_WARN_64_TO_32_BIT_CONVERSION = YES;
				GCC_WARN_ABOUT_RETURN_TYPE = YES_ERROR;
				GCC_WARN_UNDECLARED_SELECTOR = YES;
				GCC_WARN_UNINITIALIZED_AUTOS = YES_AGGRESSIVE;
				GCC_WARN_UNUSED_FUNCTION = YES;
				GCC_WARN_UNUSED_VARIABLE = YES;
				IPHONEOS_DEPLOYMENT_TARGET = 10.3;
				MTL_ENABLE_DEBUG_INFO = YES;
				ONLY_ACTIVE_ARCH = YES;
				SDKROOT = iphoneos;
				SWIFT_ACTIVE_COMPILATION_CONDITIONS = DEBUG;
				SWIFT_OPTIMIZATION_LEVEL = "-Onone";
				TARGETED_DEVICE_FAMILY = "1,2";
			};
			name = Debug;
		};
		C4A80C4E1F680E92004DB759 /* Release */ = {
			isa = XCBuildConfiguration;
			buildSettings = {
				ALWAYS_SEARCH_USER_PATHS = NO;
				CLANG_ANALYZER_NONNULL = YES;
				CLANG_ANALYZER_NUMBER_OBJECT_CONVERSION = YES_AGGRESSIVE;
				CLANG_CXX_LANGUAGE_STANDARD = "gnu++0x";
				CLANG_CXX_LIBRARY = "libc++";
				CLANG_ENABLE_MODULES = YES;
				CLANG_ENABLE_OBJC_ARC = YES;
				CLANG_WARN_BOOL_CONVERSION = YES;
				CLANG_WARN_CONSTANT_CONVERSION = YES;
				CLANG_WARN_DIRECT_OBJC_ISA_USAGE = YES_ERROR;
				CLANG_WARN_DOCUMENTATION_COMMENTS = YES;
				CLANG_WARN_EMPTY_BODY = YES;
				CLANG_WARN_ENUM_CONVERSION = YES;
				CLANG_WARN_INFINITE_RECURSION = YES;
				CLANG_WARN_INT_CONVERSION = YES;
				CLANG_WARN_OBJC_ROOT_CLASS = YES_ERROR;
				CLANG_WARN_SUSPICIOUS_MOVE = YES;
				CLANG_WARN_UNREACHABLE_CODE = YES;
				CLANG_WARN__DUPLICATE_METHOD_MATCH = YES;
				"CODE_SIGN_IDENTITY[sdk=iphoneos*]" = "iPhone Developer";
				COPY_PHASE_STRIP = NO;
				DEBUG_INFORMATION_FORMAT = "dwarf-with-dsym";
				ENABLE_NS_ASSERTIONS = NO;
				ENABLE_STRICT_OBJC_MSGSEND = YES;
				GCC_C_LANGUAGE_STANDARD = gnu99;
				GCC_NO_COMMON_BLOCKS = YES;
				GCC_WARN_64_TO_32_BIT_CONVERSION = YES;
				GCC_WARN_ABOUT_RETURN_TYPE = YES_ERROR;
				GCC_WARN_UNDECLARED_SELECTOR = YES;
				GCC_WARN_UNINITIALIZED_AUTOS = YES_AGGRESSIVE;
				GCC_WARN_UNUSED_FUNCTION = YES;
				GCC_WARN_UNUSED_VARIABLE = YES;
				IPHONEOS_DEPLOYMENT_TARGET = 10.3;
				MTL_ENABLE_DEBUG_INFO = NO;
				SDKROOT = iphoneos;
				SWIFT_OPTIMIZATION_LEVEL = "-Owholemodule";
				TARGETED_DEVICE_FAMILY = "1,2";
				VALIDATE_PRODUCT = YES;
			};
			name = Release;
		};
		C4A80C501F680E92004DB759 /* Debug */ = {
			isa = XCBuildConfiguration;
			buildSettings = {
				ASSETCATALOG_COMPILER_APPICON_NAME = AppIcon;
				DEVELOPMENT_TEAM = 96HSFZQ5P3;
				FRAMEWORK_SEARCH_PATHS = (
					"$(inherited)",
					"$(PROJECT_DIR)/Carthage/Build/iOS",
				);
				INFOPLIST_FILE = CurrencyConverter/Info.plist;
				LD_RUNPATH_SEARCH_PATHS = "$(inherited) @executable_path/Frameworks";
				PRODUCT_BUNDLE_IDENTIFIER = com.s.kulizhnikov.CurrencyConverter;
				PRODUCT_NAME = "$(TARGET_NAME)";
				SWIFT_VERSION = 3.0;
			};
			name = Debug;
		};
		C4A80C511F680E92004DB759 /* Release */ = {
			isa = XCBuildConfiguration;
			buildSettings = {
				ASSETCATALOG_COMPILER_APPICON_NAME = AppIcon;
				DEVELOPMENT_TEAM = 96HSFZQ5P3;
				FRAMEWORK_SEARCH_PATHS = (
					"$(inherited)",
					"$(PROJECT_DIR)/Carthage/Build/iOS",
				);
				INFOPLIST_FILE = CurrencyConverter/Info.plist;
				LD_RUNPATH_SEARCH_PATHS = "$(inherited) @executable_path/Frameworks";
				PRODUCT_BUNDLE_IDENTIFIER = com.s.kulizhnikov.CurrencyConverter;
				PRODUCT_NAME = "$(TARGET_NAME)";
				SWIFT_VERSION = 3.0;
			};
			name = Release;
		};
		C4A80C531F680E92004DB759 /* Debug */ = {
			isa = XCBuildConfiguration;
			buildSettings = {
				ALWAYS_EMBED_SWIFT_STANDARD_LIBRARIES = YES;
				BUNDLE_LOADER = "$(TEST_HOST)";
				DEVELOPMENT_TEAM = 96HSFZQ5P3;
				INFOPLIST_FILE = CurrencyConverterTests/Info.plist;
				LD_RUNPATH_SEARCH_PATHS = "$(inherited) @executable_path/Frameworks @loader_path/Frameworks";
				PRODUCT_BUNDLE_IDENTIFIER = com.s.kulizhnikov.CurrencyConverterTests;
				PRODUCT_NAME = "$(TARGET_NAME)";
				SWIFT_VERSION = 3.0;
				TEST_HOST = "$(BUILT_PRODUCTS_DIR)/CurrencyConverter.app/CurrencyConverter";
			};
			name = Debug;
		};
		C4A80C541F680E92004DB759 /* Release */ = {
			isa = XCBuildConfiguration;
			buildSettings = {
				ALWAYS_EMBED_SWIFT_STANDARD_LIBRARIES = YES;
				BUNDLE_LOADER = "$(TEST_HOST)";
				DEVELOPMENT_TEAM = 96HSFZQ5P3;
				INFOPLIST_FILE = CurrencyConverterTests/Info.plist;
				LD_RUNPATH_SEARCH_PATHS = "$(inherited) @executable_path/Frameworks @loader_path/Frameworks";
				PRODUCT_BUNDLE_IDENTIFIER = com.s.kulizhnikov.CurrencyConverterTests;
				PRODUCT_NAME = "$(TARGET_NAME)";
				SWIFT_VERSION = 3.0;
				TEST_HOST = "$(BUILT_PRODUCTS_DIR)/CurrencyConverter.app/CurrencyConverter";
			};
			name = Release;
		};
		C4A80C561F680E92004DB759 /* Debug */ = {
			isa = XCBuildConfiguration;
			buildSettings = {
				ALWAYS_EMBED_SWIFT_STANDARD_LIBRARIES = YES;
				DEVELOPMENT_TEAM = 96HSFZQ5P3;
				INFOPLIST_FILE = CurrencyConverterUITests/Info.plist;
				LD_RUNPATH_SEARCH_PATHS = "$(inherited) @executable_path/Frameworks @loader_path/Frameworks";
				PRODUCT_BUNDLE_IDENTIFIER = com.s.kulizhnikov.CurrencyConverterUITests;
				PRODUCT_NAME = "$(TARGET_NAME)";
				SWIFT_VERSION = 3.0;
				TEST_TARGET_NAME = CurrencyConverter;
			};
			name = Debug;
		};
		C4A80C571F680E92004DB759 /* Release */ = {
			isa = XCBuildConfiguration;
			buildSettings = {
				ALWAYS_EMBED_SWIFT_STANDARD_LIBRARIES = YES;
				DEVELOPMENT_TEAM = 96HSFZQ5P3;
				INFOPLIST_FILE = CurrencyConverterUITests/Info.plist;
				LD_RUNPATH_SEARCH_PATHS = "$(inherited) @executable_path/Frameworks @loader_path/Frameworks";
				PRODUCT_BUNDLE_IDENTIFIER = com.s.kulizhnikov.CurrencyConverterUITests;
				PRODUCT_NAME = "$(TARGET_NAME)";
				SWIFT_VERSION = 3.0;
				TEST_TARGET_NAME = CurrencyConverter;
			};
			name = Release;
		};
/* End XCBuildConfiguration section */

/* Begin XCConfigurationList section */
		C4A80C221F680E92004DB759 /* Build configuration list for PBXProject "CurrencyConverter" */ = {
			isa = XCConfigurationList;
			buildConfigurations = (
				C4A80C4D1F680E92004DB759 /* Debug */,
				C4A80C4E1F680E92004DB759 /* Release */,
			);
			defaultConfigurationIsVisible = 0;
			defaultConfigurationName = Release;
		};
		C4A80C4F1F680E92004DB759 /* Build configuration list for PBXNativeTarget "CurrencyConverter" */ = {
			isa = XCConfigurationList;
			buildConfigurations = (
				C4A80C501F680E92004DB759 /* Debug */,
				C4A80C511F680E92004DB759 /* Release */,
			);
			defaultConfigurationIsVisible = 0;
			defaultConfigurationName = Release;
		};
		C4A80C521F680E92004DB759 /* Build configuration list for PBXNativeTarget "CurrencyConverterTests" */ = {
			isa = XCConfigurationList;
			buildConfigurations = (
				C4A80C531F680E92004DB759 /* Debug */,
				C4A80C541F680E92004DB759 /* Release */,
			);
			defaultConfigurationIsVisible = 0;
			defaultConfigurationName = Release;
		};
		C4A80C551F680E92004DB759 /* Build configuration list for PBXNativeTarget "CurrencyConverterUITests" */ = {
			isa = XCConfigurationList;
			buildConfigurations = (
				C4A80C561F680E92004DB759 /* Debug */,
				C4A80C571F680E92004DB759 /* Release */,
			);
			defaultConfigurationIsVisible = 0;
			defaultConfigurationName = Release;
		};
/* End XCConfigurationList section */
	};
	rootObject = C4A80C1F1F680E92004DB759 /* Project object */;
}
